
Microsoft Visual Studio Solution File, Format Version 11.00
# Visual Studio 2010
Project("{FAE04EC0-301F-11D3-BF4B-00C04F79EFBC}") = "Unity.Timeline", "Unity.Timeline.csproj", "{16cd3191-dc3e-a06a-9c0e-2569e8521057}"
EndProject
Project("{FAE04EC0-301F-11D3-BF4B-00C04F79EFBC}") = "Unity.Timeline.Editor", "Unity.Timeline.Editor.csproj", "{6a39b881-e341-1151-069c-11c9212f824f}"
EndProject
Project("{FAE04EC0-301F-11D3-BF4B-00C04F79EFBC}") = "Unity.TextMeshPro.Editor", "Unity.TextMeshPro.Editor.csproj", "{5a3d2fc2-dadd-42bc-9b1b-9c84248ee874}"
EndProject
Project("{FAE04EC0-301F-11D3-BF4B-00C04F79EFBC}") = "Unity.Services.Core.Internal", "Unity.Services.Core.Internal.csproj", "{7d15ed71-fec2-699c-0705-bf4604ed0b1b}"
EndProject
Project("{FAE04EC0-301F-11D3-BF4B-00C04F79EFBC}") = "Unity.VisualScripting.Flow", "Unity.VisualScripting.Flow.csproj", "{83803d00-09ab-e8a2-bcbc-6bb2c7dff2a5}"
EndProject
Project("{FAE04EC0-301F-11D3-BF4B-00C04F79EFBC}") = "Unity.PlasticSCM.Editor", "Unity.PlasticSCM.Editor.csproj", "{9ffd11b2-26d9-3fed-8e6d-2079576d441c}"
EndProject
Project("{FAE04EC0-301F-11D3-BF4B-00C04F79EFBC}") = "Unity.CollabProxy.Editor", "Unity.CollabProxy.Editor.csproj", "{1a78106e-f793-a5f1-b89b-be3c0fc311ea}"
EndProject
Project("{FAE04EC0-301F-11D3-BF4B-00C04F79EFBC}") = "Unity.VisualScripting.Core", "Unity.VisualScripting.Core.csproj", "{f70b5077-5314-9dff-e435-74e1e7547af5}"
EndProject
Project("{FAE04EC0-301F-11D3-BF4B-00C04F79EFBC}") = "Unity.Mathematics", "Unity.Mathematics.csproj", "{c131517c-7cf1-978f-217b-d65d2239fb0b}"
EndProject
Project("{FAE04EC0-301F-11D3-BF4B-00C04F79EFBC}") = "Unity.2D.Animation.Editor", "Unity.2D.Animation.Editor.csproj", "{ba5f499f-7dd2-54f2-77aa-bba6a945a833}"
EndProject
Project("{FAE04EC0-301F-11D3-BF4B-00C04F79EFBC}") = "Unity.2D.Common.Path.Editor", "Unity.2D.Common.Path.Editor.csproj", "{ffc377b2-cb9a-1713-0161-48f632e90198}"
EndProject
Project("{FAE04EC0-301F-11D3-BF4B-00C04F79EFBC}") = "Unity.VisualScripting.Core.Editor", "Unity.VisualScripting.Core.Editor.csproj", "{fa9fca13-f1a1-e853-d2e7-60ec202e652b}"
EndProject
Project("{FAE04EC0-301F-11D3-BF4B-00C04F79EFBC}") = "Unity.2D.IK.Runtime", "Unity.2D.IK.Runtime.csproj", "{9abee29b-4a6c-7e50-0379-36cf6166441d}"
EndProject
Project("{FAE04EC0-301F-11D3-BF4B-00C04F79EFBC}") = "Unity.VisualScripting.Flow.Editor", "Unity.VisualScripting.Flow.Editor.csproj", "{2b6818b0-2c3a-9368-79db-1dc4a7798398}"
EndProject
Project("{FAE04EC0-301F-11D3-BF4B-00C04F79EFBC}") = "UnityEditor.TestRunner", "UnityEditor.TestRunner.csproj", "{52a9f32b-879f-ee06-05a0-5392af8fc9d2}"
EndProject
Project("{FAE04EC0-301F-11D3-BF4B-00C04F79EFBC}") = "Unity.VisualScripting.SettingsProvider.Editor", "Unity.VisualScripting.SettingsProvider.Editor.csproj", "{ebd6eb36-6641-06e3-a4e4-e993ee945ff5}"
EndProject
Project("{FAE04EC0-301F-11D3-BF4B-00C04F79EFBC}") = "UnityEngine.TestRunner", "UnityEngine.TestRunner.csproj", "{5c8ef3ae-884f-1abd-6ac6-728aeebb6173}"
EndProject
Project("{FAE04EC0-301F-11D3-BF4B-00C04F79EFBC}") = "Unity.Burst", "Unity.Burst.csproj", "{68a38958-7194-34f9-ba13-3477b2b59017}"
EndProject
Project("{FAE04EC0-301F-11D3-BF4B-00C04F79EFBC}") = "ToonBoom.HarmonySDK", "ToonBoom.HarmonySDK.csproj", "{93274fae-6d2f-9503-c80e-a6108e9d6a3a}"
EndProject
Project("{FAE04EC0-301F-11D3-BF4B-00C04F79EFBC}") = "Unity.Collections", "Unity.Collections.csproj", "{3b9b81f0-8349-b2b1-a81d-e8ca1e116fd6}"
EndProject
Project("{FAE04EC0-301F-11D3-BF4B-00C04F79EFBC}") = "Unity.VisualStudio.Editor", "Unity.VisualStudio.Editor.csproj", "{1f06bf74-cf10-1b4b-fe81-f8d1f99c3950}"
EndProject
Project("{FAE04EC0-301F-11D3-BF4B-00C04F79EFBC}") = "Unity.TestTools.CodeCoverage.Editor.OpenCover.Model", "Unity.TestTools.CodeCoverage.Editor.OpenCover.Model.csproj", "{5eda233c-be87-640b-70d6-8bd771c13356}"
EndProject
Project("{FAE04EC0-301F-11D3-BF4B-00C04F79EFBC}") = "Unity.Rider.Editor", "Unity.Rider.Editor.csproj", "{bd6f845c-8397-2cbf-1121-cf8aaad32c58}"
EndProject
Project("{FAE04EC0-301F-11D3-BF4B-00C04F79EFBC}") = "Unity.InternalAPIEditorBridge.001", "Unity.InternalAPIEditorBridge.001.csproj", "{315f3620-01a0-6dd9-5d89-011f3aef3540}"
EndProject
Project("{FAE04EC0-301F-11D3-BF4B-00C04F79EFBC}") = "Unity.Services.Core.Environments.Internal", "Unity.Services.Core.Environments.Internal.csproj", "{6b69135f-0e3d-22ae-a520-0ebd43e9ee25}"
EndProject
Project("{FAE04EC0-301F-11D3-BF4B-00C04F79EFBC}") = "Unity.Services.Core.Telemetry", "Unity.Services.Core.Telemetry.csproj", "{3071900f-9ec9-804c-1dfa-2c5e8a7a0e14}"
EndProject
Project("{FAE04EC0-301F-11D3-BF4B-00C04F79EFBC}") = "Unity.Services.Core.Editor", "Unity.Services.Core.Editor.csproj", "{8b63187c-01cc-ad4a-3c30-3bcc6c0bdd2c}"
EndProject
Project("{FAE04EC0-301F-11D3-BF4B-00C04F79EFBC}") = "Unity.Services.Core.Configuration", "Unity.Services.Core.Configuration.csproj", "{541b57da-875b-5585-6d9e-d0ac112650e6}"
EndProject
Project("{FAE04EC0-301F-11D3-BF4B-00C04F79EFBC}") = "Unity.VisualScripting.State.Editor", "Unity.VisualScripting.State.Editor.csproj", "{a542a950-9bb0-a9a0-cf8d-8fa02ba2fe3c}"
EndProject
Project("{FAE04EC0-301F-11D3-BF4B-00C04F79EFBC}") = "Unity.2D.Animation.Runtime", "Unity.2D.Animation.Runtime.csproj", "{efcb5e3b-1383-a74c-f2c4-f51eece44684}"
EndProject
Project("{FAE04EC0-301F-11D3-BF4B-00C04F79EFBC}") = "Unity.TestTools.CodeCoverage.Editor", "Unity.TestTools.CodeCoverage.Editor.csproj", "{ad4250c3-6aa2-2a2a-fd55-5d25fb5dfde3}"
EndProject
Project("{FAE04EC0-301F-11D3-BF4B-00C04F79EFBC}") = "Unity.Burst.CodeGen", "Unity.Burst.CodeGen.csproj", "{953cad7d-9801-c881-dbe5-bf4f199ced04}"
EndProject
Project("{FAE04EC0-301F-11D3-BF4B-00C04F79EFBC}") = "Unity.Services.Core.Configuration.Editor", "Unity.Services.Core.Configuration.Editor.csproj", "{83f838e0-d9cf-8a9a-c444-736b14b89df6}"
EndProject
Project("{FAE04EC0-301F-11D3-BF4B-00C04F79EFBC}") = "Unity.Services.Core", "Unity.Services.Core.csproj", "{366cca3a-da83-6322-c1f4-e0bbfbde3522}"
EndProject
Project("{FAE04EC0-301F-11D3-BF4B-00C04F79EFBC}") = "Unity.VisualScripting.State", "Unity.VisualScripting.State.csproj", "{d3a61bc4-f616-6c14-86ba-4b119ce487e8}"
EndProject
Project("{FAE04EC0-301F-11D3-BF4B-00C04F79EFBC}") = "Unity.TextMeshPro", "Unity.TextMeshPro.csproj", "{e2e28f6f-2d2a-a218-1389-3c6e36eafaca}"
EndProject
Project("{FAE04EC0-301F-11D3-BF4B-00C04F79EFBC}") = "Unity.Services.Core.Networking", "Unity.Services.Core.Networking.csproj", "{33c218f4-36ed-700f-731d-1129996b3c87}"
EndProject
Project("{FAE04EC0-301F-11D3-BF4B-00C04F79EFBC}") = "Unity.Performance.Profile-Analyzer.Editor", "Unity.Performance.Profile-Analyzer.Editor.csproj", "{5ce43ff9-252e-d84e-ebbb-a52ffd5ddbd3}"
EndProject
Project("{FAE04EC0-301F-11D3-BF4B-00C04F79EFBC}") = "Unity.Services.Core.Scheduler", "Unity.Services.Core.Scheduler.csproj", "{ae49b08e-ce66-2af5-e83d-bbdbe8ead4b7}"
EndProject
Project("{FAE04EC0-301F-11D3-BF4B-00C04F79EFBC}") = "Unity.VSCode.Editor", "Unity.VSCode.Editor.csproj", "{dd7b3eb7-5010-8758-739c-b6e59d414f0b}"
EndProject
Project("{FAE04EC0-301F-11D3-BF4B-00C04F79EFBC}") = "Unity.2D.IK.Editor", "Unity.2D.IK.Editor.csproj", "{3aae3066-3063-c494-7fbe-d34c8898f94a}"
EndProject
Project("{FAE04EC0-301F-11D3-BF4B-00C04F79EFBC}") = "Unity.InternalAPIEngineBridge.001", "Unity.InternalAPIEngineBridge.001.csproj", "{b6256a2b-f8fa-5bac-22a4-a6c4cd269c16}"
EndProject
Project("{FAE04EC0-301F-11D3-BF4B-00C04F79EFBC}") = "Unity.Burst.Editor", "Unity.Burst.Editor.csproj", "{89e22b49-a19e-519e-a99b-bcc9accd7eae}"
EndProject
Project("{FAE04EC0-301F-11D3-BF4B-00C04F79EFBC}") = "Unity.TestTools.CodeCoverage.Editor.OpenCover.Mono.Reflection", "Unity.TestTools.CodeCoverage.Editor.OpenCover.Mono.Reflection.csproj", "{3ee1bc20-acca-82e4-4314-92f4381e8279}"
EndProject
Project("{FAE04EC0-301F-11D3-BF4B-00C04F79EFBC}") = "Unity.2D.Common.Editor", "Unity.2D.Common.Editor.csproj", "{450198cb-f165-791a-3f3b-ad246119cac6}"
EndProject
Project("{FAE04EC0-301F-11D3-BF4B-00C04F79EFBC}") = "Unity.Settings.Editor", "Unity.Settings.Editor.csproj", "{0d5c2d82-0e05-491d-2847-2c2f1d2b9901}"
EndProject
Project("{FAE04EC0-301F-11D3-BF4B-00C04F79EFBC}") = "Unity.Services.Core.Registration", "Unity.Services.Core.Registration.csproj", "{4508de1e-b761-eeeb-0ee6-99ad7b1c05e1}"
EndProject
Project("{FAE04EC0-301F-11D3-BF4B-00C04F79EFBC}") = "Unity.2D.Common.Runtime", "Unity.2D.Common.Runtime.csproj", "{5d7c4373-f619-1f0f-a2e1-70ef4aa997f1}"
EndProject
Project("{FAE04EC0-301F-11D3-BF4B-00C04F79EFBC}") = "ToonBoom.TBGImporter", "ToonBoom.TBGImporter.csproj", "{e28af827-5ad2-8553-9852-285915589523}"
EndProject
Project("{FAE04EC0-301F-11D3-BF4B-00C04F79EFBC}") = "Unity.Services.Core.Analytics", "Unity.Services.Core.Analytics.csproj", "{83cca5e0-3bc7-53f5-9ef1-b7452cef4689}"
EndProject
Project("{FAE04EC0-301F-11D3-BF4B-00C04F79EFBC}") = "Assembly-CSharp", "Assembly-CSharp.csproj", "{36ac7a0d-1c0b-04ea-0af8-96fa90a27bc7}"
EndProject
Project("{FAE04EC0-301F-11D3-BF4B-00C04F79EFBC}") = "Unity.Services.Core.Threading", "Unity.Services.Core.Threading.csproj", "{01da313f-e53a-7050-4990-1253d7cb871c}"
EndProject
Project("{FAE04EC0-301F-11D3-BF4B-00C04F79EFBC}") = "SlyDemo", "SlyDemo.csproj", "{797793f9-8920-ecae-aaa4-0401dbf875b5}"
EndProject
Project("{FAE04EC0-301F-11D3-BF4B-00C04F79EFBC}") = "ToonBoom.HarmonySDK.Editor", "ToonBoom.HarmonySDK.Editor.csproj", "{d3527f8d-83ea-598f-8b29-a5f8023354ba}"
EndProject
Project("{FAE04EC0-301F-11D3-BF4B-00C04F79EFBC}") = "Unity.EditorCoroutines.Editor", "Unity.EditorCoroutines.Editor.csproj", "{059a8e48-9f35-1ac3-7b22-2d23724bfe7c}"
EndProject
Project("{FAE04EC0-301F-11D3-BF4B-00C04F79EFBC}") = "Unity.Collections.CodeGen", "Unity.Collections.CodeGen.csproj", "{3c22aa2d-9aa4-26f2-73d7-0f23c8798566}"
EndProject
Project("{FAE04EC0-301F-11D3-BF4B-00C04F79EFBC}") = "Unity.Mathematics.Editor", "Unity.Mathematics.Editor.csproj", "{59f0314b-2669-8949-551f-65b236cfbbdc}"
EndProject
Project("{FAE04EC0-301F-11D3-BF4B-00C04F79EFBC}") = "Unity.Services.Core.Device", "Unity.Services.Core.Device.csproj", "{69738868-4b91-e668-fbf8-2bfeef927689}"
EndProject
Project("{FAE04EC0-301F-11D3-BF4B-00C04F79EFBC}") = "ToonBoom.TBGRenderer", "ToonBoom.TBGRenderer.csproj", "{00513574-5359-9847-9abc-5a959f9a7b98}"
EndProject
Project("{FAE04EC0-301F-11D3-BF4B-00C04F79EFBC}") = "Unity.Services.Core.Environments", "Unity.Services.Core.Environments.csproj", "{db08a6a5-b81b-fa4c-2497-519316280dca}"
EndProject
Project("{FAE04EC0-301F-11D3-BF4B-00C04F79EFBC}") = "Unity.Collections.Editor", "Unity.Collections.Editor.csproj", "{05eeefe0-6b2f-3380-a629-7f6dd2d98c74}"
EndProject
Project("{FAE04EC0-301F-11D3-BF4B-00C04F79EFBC}") = "Unity.Collections.BurstCompatibilityGen", "Unity.Collections.BurstCompatibilityGen.csproj", "{2c738fb3-f6e7-c841-2646-05aa7e70e1bc}"
EndProject
Project("{FAE04EC0-301F-11D3-BF4B-00C04F79EFBC}") = "Unity.VisualScripting.Shared.Editor", "Unity.VisualScripting.Shared.Editor.csproj", "{a8e7a31b-8982-a586-1e96-7022083a79f3}"
EndProject
Project("{FAE04EC0-301F-11D3-BF4B-00C04F79EFBC}") = "Unity.Collections.DocCodeSamples", "Unity.Collections.DocCodeSamples.csproj", "{15f9dca1-73f4-9bde-13a5-5669a5d9d655}"
EndProject
Global
	GlobalSection(SolutionConfigurationPlatforms) = preSolution
		Debug|Any CPU = Debug|Any CPU
	EndGlobalSection
	GlobalSection(ProjectConfigurationPlatforms) = postSolution
		{16cd3191-dc3e-a06a-9c0e-2569e8521057}.Debug|Any CPU.ActiveCfg = Debug|Any CPU
		{16cd3191-dc3e-a06a-9c0e-2569e8521057}.Debug|Any CPU.Build.0 = Debug|Any CPU
		{6a39b881-e341-1151-069c-11c9212f824f}.Debug|Any CPU.ActiveCfg = Debug|Any CPU
		{6a39b881-e341-1151-069c-11c9212f824f}.Debug|Any CPU.Build.0 = Debug|Any CPU
		{5a3d2fc2-dadd-42bc-9b1b-9c84248ee874}.Debug|Any CPU.ActiveCfg = Debug|Any CPU
		{5a3d2fc2-dadd-42bc-9b1b-9c84248ee874}.Debug|Any CPU.Build.0 = Debug|Any CPU
		{7d15ed71-fec2-699c-0705-bf4604ed0b1b}.Debug|Any CPU.ActiveCfg = Debug|Any CPU
		{7d15ed71-fec2-699c-0705-bf4604ed0b1b}.Debug|Any CPU.Build.0 = Debug|Any CPU
		{83803d00-09ab-e8a2-bcbc-6bb2c7dff2a5}.Debug|Any CPU.ActiveCfg = Debug|Any CPU
		{83803d00-09ab-e8a2-bcbc-6bb2c7dff2a5}.Debug|Any CPU.Build.0 = Debug|Any CPU
		{9ffd11b2-26d9-3fed-8e6d-2079576d441c}.Debug|Any CPU.ActiveCfg = Debug|Any CPU
		{9ffd11b2-26d9-3fed-8e6d-2079576d441c}.Debug|Any CPU.Build.0 = Debug|Any CPU
		{1a78106e-f793-a5f1-b89b-be3c0fc311ea}.Debug|Any CPU.ActiveCfg = Debug|Any CPU
		{1a78106e-f793-a5f1-b89b-be3c0fc311ea}.Debug|Any CPU.Build.0 = Debug|Any CPU
		{f70b5077-5314-9dff-e435-74e1e7547af5}.Debug|Any CPU.ActiveCfg = Debug|Any CPU
		{f70b5077-5314-9dff-e435-74e1e7547af5}.Debug|Any CPU.Build.0 = Debug|Any CPU
		{c131517c-7cf1-978f-217b-d65d2239fb0b}.Debug|Any CPU.ActiveCfg = Debug|Any CPU
		{c131517c-7cf1-978f-217b-d65d2239fb0b}.Debug|Any CPU.Build.0 = Debug|Any CPU
		{ba5f499f-7dd2-54f2-77aa-bba6a945a833}.Debug|Any CPU.ActiveCfg = Debug|Any CPU
		{ba5f499f-7dd2-54f2-77aa-bba6a945a833}.Debug|Any CPU.Build.0 = Debug|Any CPU
		{ffc377b2-cb9a-1713-0161-48f632e90198}.Debug|Any CPU.ActiveCfg = Debug|Any CPU
		{ffc377b2-cb9a-1713-0161-48f632e90198}.Debug|Any CPU.Build.0 = Debug|Any CPU
		{fa9fca13-f1a1-e853-d2e7-60ec202e652b}.Debug|Any CPU.ActiveCfg = Debug|Any CPU
		{fa9fca13-f1a1-e853-d2e7-60ec202e652b}.Debug|Any CPU.Build.0 = Debug|Any CPU
		{9abee29b-4a6c-7e50-0379-36cf6166441d}.Debug|Any CPU.ActiveCfg = Debug|Any CPU
		{9abee29b-4a6c-7e50-0379-36cf6166441d}.Debug|Any CPU.Build.0 = Debug|Any CPU
		{2b6818b0-2c3a-9368-79db-1dc4a7798398}.Debug|Any CPU.ActiveCfg = Debug|Any CPU
		{2b6818b0-2c3a-9368-79db-1dc4a7798398}.Debug|Any CPU.Build.0 = Debug|Any CPU
		{52a9f32b-879f-ee06-05a0-5392af8fc9d2}.Debug|Any CPU.ActiveCfg = Debug|Any CPU
		{52a9f32b-879f-ee06-05a0-5392af8fc9d2}.Debug|Any CPU.Build.0 = Debug|Any CPU
		{ebd6eb36-6641-06e3-a4e4-e993ee945ff5}.Debug|Any CPU.ActiveCfg = Debug|Any CPU
		{ebd6eb36-6641-06e3-a4e4-e993ee945ff5}.Debug|Any CPU.Build.0 = Debug|Any CPU
		{5c8ef3ae-884f-1abd-6ac6-728aeebb6173}.Debug|Any CPU.ActiveCfg = Debug|Any CPU
		{5c8ef3ae-884f-1abd-6ac6-728aeebb6173}.Debug|Any CPU.Build.0 = Debug|Any CPU
		{68a38958-7194-34f9-ba13-3477b2b59017}.Debug|Any CPU.ActiveCfg = Debug|Any CPU
		{68a38958-7194-34f9-ba13-3477b2b59017}.Debug|Any CPU.Build.0 = Debug|Any CPU
		{93274fae-6d2f-9503-c80e-a6108e9d6a3a}.Debug|Any CPU.ActiveCfg = Debug|Any CPU
		{93274fae-6d2f-9503-c80e-a6108e9d6a3a}.Debug|Any CPU.Build.0 = Debug|Any CPU
		{3b9b81f0-8349-b2b1-a81d-e8ca1e116fd6}.Debug|Any CPU.ActiveCfg = Debug|Any CPU
		{3b9b81f0-8349-b2b1-a81d-e8ca1e116fd6}.Debug|Any CPU.Build.0 = Debug|Any CPU
		{1f06bf74-cf10-1b4b-fe81-f8d1f99c3950}.Debug|Any CPU.ActiveCfg = Debug|Any CPU
		{1f06bf74-cf10-1b4b-fe81-f8d1f99c3950}.Debug|Any CPU.Build.0 = Debug|Any CPU
		{5eda233c-be87-640b-70d6-8bd771c13356}.Debug|Any CPU.ActiveCfg = Debug|Any CPU
		{5eda233c-be87-640b-70d6-8bd771c13356}.Debug|Any CPU.Build.0 = Debug|Any CPU
		{bd6f845c-8397-2cbf-1121-cf8aaad32c58}.Debug|Any CPU.ActiveCfg = Debug|Any CPU
		{bd6f845c-8397-2cbf-1121-cf8aaad32c58}.Debug|Any CPU.Build.0 = Debug|Any CPU
		{315f3620-01a0-6dd9-5d89-011f3aef3540}.Debug|Any CPU.ActiveCfg = Debug|Any CPU
		{315f3620-01a0-6dd9-5d89-011f3aef3540}.Debug|Any CPU.Build.0 = Debug|Any CPU
		{6b69135f-0e3d-22ae-a520-0ebd43e9ee25}.Debug|Any CPU.ActiveCfg = Debug|Any CPU
		{6b69135f-0e3d-22ae-a520-0ebd43e9ee25}.Debug|Any CPU.Build.0 = Debug|Any CPU
		{3071900f-9ec9-804c-1dfa-2c5e8a7a0e14}.Debug|Any CPU.ActiveCfg = Debug|Any CPU
		{3071900f-9ec9-804c-1dfa-2c5e8a7a0e14}.Debug|Any CPU.Build.0 = Debug|Any CPU
		{8b63187c-01cc-ad4a-3c30-3bcc6c0bdd2c}.Debug|Any CPU.ActiveCfg = Debug|Any CPU
		{8b63187c-01cc-ad4a-3c30-3bcc6c0bdd2c}.Debug|Any CPU.Build.0 = Debug|Any CPU
		{541b57da-875b-5585-6d9e-d0ac112650e6}.Debug|Any CPU.ActiveCfg = Debug|Any CPU
		{541b57da-875b-5585-6d9e-d0ac112650e6}.Debug|Any CPU.Build.0 = Debug|Any CPU
		{a542a950-9bb0-a9a0-cf8d-8fa02ba2fe3c}.Debug|Any CPU.ActiveCfg = Debug|Any CPU
		{a542a950-9bb0-a9a0-cf8d-8fa02ba2fe3c}.Debug|Any CPU.Build.0 = Debug|Any CPU
		{efcb5e3b-1383-a74c-f2c4-f51eece44684}.Debug|Any CPU.ActiveCfg = Debug|Any CPU
		{efcb5e3b-1383-a74c-f2c4-f51eece44684}.Debug|Any CPU.Build.0 = Debug|Any CPU
		{ad4250c3-6aa2-2a2a-fd55-5d25fb5dfde3}.Debug|Any CPU.ActiveCfg = Debug|Any CPU
		{ad4250c3-6aa2-2a2a-fd55-5d25fb5dfde3}.Debug|Any CPU.Build.0 = Debug|Any CPU
		{953cad7d-9801-c881-dbe5-bf4f199ced04}.Debug|Any CPU.ActiveCfg = Debug|Any CPU
		{953cad7d-9801-c881-dbe5-bf4f199ced04}.Debug|Any CPU.Build.0 = Debug|Any CPU
		{83f838e0-d9cf-8a9a-c444-736b14b89df6}.Debug|Any CPU.ActiveCfg = Debug|Any CPU
		{83f838e0-d9cf-8a9a-c444-736b14b89df6}.Debug|Any CPU.Build.0 = Debug|Any CPU
		{366cca3a-da83-6322-c1f4-e0bbfbde3522}.Debug|Any CPU.ActiveCfg = Debug|Any CPU
		{366cca3a-da83-6322-c1f4-e0bbfbde3522}.Debug|Any CPU.Build.0 = Debug|Any CPU
		{d3a61bc4-f616-6c14-86ba-4b119ce487e8}.Debug|Any CPU.ActiveCfg = Debug|Any CPU
		{d3a61bc4-f616-6c14-86ba-4b119ce487e8}.Debug|Any CPU.Build.0 = Debug|Any CPU
		{e2e28f6f-2d2a-a218-1389-3c6e36eafaca}.Debug|Any CPU.ActiveCfg = Debug|Any CPU
		{e2e28f6f-2d2a-a218-1389-3c6e36eafaca}.Debug|Any CPU.Build.0 = Debug|Any CPU
		{33c218f4-36ed-700f-731d-1129996b3c87}.Debug|Any CPU.ActiveCfg = Debug|Any CPU
		{33c218f4-36ed-700f-731d-1129996b3c87}.Debug|Any CPU.Build.0 = Debug|Any CPU
		{5ce43ff9-252e-d84e-ebbb-a52ffd5ddbd3}.Debug|Any CPU.ActiveCfg = Debug|Any CPU
		{5ce43ff9-252e-d84e-ebbb-a52ffd5ddbd3}.Debug|Any CPU.Build.0 = Debug|Any CPU
		{ae49b08e-ce66-2af5-e83d-bbdbe8ead4b7}.Debug|Any CPU.ActiveCfg = Debug|Any CPU
		{ae49b08e-ce66-2af5-e83d-bbdbe8ead4b7}.Debug|Any CPU.Build.0 = Debug|Any CPU
		{dd7b3eb7-5010-8758-739c-b6e59d414f0b}.Debug|Any CPU.ActiveCfg = Debug|Any CPU
		{dd7b3eb7-5010-8758-739c-b6e59d414f0b}.Debug|Any CPU.Build.0 = Debug|Any CPU
		{3aae3066-3063-c494-7fbe-d34c8898f94a}.Debug|Any CPU.ActiveCfg = Debug|Any CPU
		{3aae3066-3063-c494-7fbe-d34c8898f94a}.Debug|Any CPU.Build.0 = Debug|Any CPU
		{b6256a2b-f8fa-5bac-22a4-a6c4cd269c16}.Debug|Any CPU.ActiveCfg = Debug|Any CPU
		{b6256a2b-f8fa-5bac-22a4-a6c4cd269c16}.Debug|Any CPU.Build.0 = Debug|Any CPU
		{89e22b49-a19e-519e-a99b-bcc9accd7eae}.Debug|Any CPU.ActiveCfg = Debug|Any CPU
		{89e22b49-a19e-519e-a99b-bcc9accd7eae}.Debug|Any CPU.Build.0 = Debug|Any CPU
		{3ee1bc20-acca-82e4-4314-92f4381e8279}.Debug|Any CPU.ActiveCfg = Debug|Any CPU
		{3ee1bc20-acca-82e4-4314-92f4381e8279}.Debug|Any CPU.Build.0 = Debug|Any CPU
		{450198cb-f165-791a-3f3b-ad246119cac6}.Debug|Any CPU.ActiveCfg = Debug|Any CPU
		{450198cb-f165-791a-3f3b-ad246119cac6}.Debug|Any CPU.Build.0 = Debug|Any CPU
		{0d5c2d82-0e05-491d-2847-2c2f1d2b9901}.Debug|Any CPU.ActiveCfg = Debug|Any CPU
		{0d5c2d82-0e05-491d-2847-2c2f1d2b9901}.Debug|Any CPU.Build.0 = Debug|Any CPU
		{4508de1e-b761-eeeb-0ee6-99ad7b1c05e1}.Debug|Any CPU.ActiveCfg = Debug|Any CPU
		{4508de1e-b761-eeeb-0ee6-99ad7b1c05e1}.Debug|Any CPU.Build.0 = Debug|Any CPU
		{5d7c4373-f619-1f0f-a2e1-70ef4aa997f1}.Debug|Any CPU.ActiveCfg = Debug|Any CPU
		{5d7c4373-f619-1f0f-a2e1-70ef4aa997f1}.Debug|Any CPU.Build.0 = Debug|Any CPU
		{e28af827-5ad2-8553-9852-285915589523}.Debug|Any CPU.ActiveCfg = Debug|Any CPU
		{e28af827-5ad2-8553-9852-285915589523}.Debug|Any CPU.Build.0 = Debug|Any CPU
		{83cca5e0-3bc7-53f5-9ef1-b7452cef4689}.Debug|Any CPU.ActiveCfg = Debug|Any CPU
		{83cca5e0-3bc7-53f5-9ef1-b7452cef4689}.Debug|Any CPU.Build.0 = Debug|Any CPU
		{36ac7a0d-1c0b-04ea-0af8-96fa90a27bc7}.Debug|Any CPU.ActiveCfg = Debug|Any CPU
		{36ac7a0d-1c0b-04ea-0af8-96fa90a27bc7}.Debug|Any CPU.Build.0 = Debug|Any CPU
		{01da313f-e53a-7050-4990-1253d7cb871c}.Debug|Any CPU.ActiveCfg = Debug|Any CPU
		{01da313f-e53a-7050-4990-1253d7cb871c}.Debug|Any CPU.Build.0 = Debug|Any CPU
		{797793f9-8920-ecae-aaa4-0401dbf875b5}.Debug|Any CPU.ActiveCfg = Debug|Any CPU
		{797793f9-8920-ecae-aaa4-0401dbf875b5}.Debug|Any CPU.Build.0 = Debug|Any CPU
		{d3527f8d-83ea-598f-8b29-a5f8023354ba}.Debug|Any CPU.ActiveCfg = Debug|Any CPU
		{d3527f8d-83ea-598f-8b29-a5f8023354ba}.Debug|Any CPU.Build.0 = Debug|Any CPU
		{059a8e48-9f35-1ac3-7b22-2d23724bfe7c}.Debug|Any CPU.ActiveCfg = Debug|Any CPU
		{059a8e48-9f35-1ac3-7b22-2d23724bfe7c}.Debug|Any CPU.Build.0 = Debug|Any CPU
		{3c22aa2d-9aa4-26f2-73d7-0f23c8798566}.Debug|Any CPU.ActiveCfg = Debug|Any CPU
		{3c22aa2d-9aa4-26f2-73d7-0f23c8798566}.Debug|Any CPU.Build.0 = Debug|Any CPU
		{59f0314b-2669-8949-551f-65b236cfbbdc}.Debug|Any CPU.ActiveCfg = Debug|Any CPU
		{59f0314b-2669-8949-551f-65b236cfbbdc}.Debug|Any CPU.Build.0 = Debug|Any CPU
		{69738868-4b91-e668-fbf8-2bfeef927689}.Debug|Any CPU.ActiveCfg = Debug|Any CPU
		{69738868-4b91-e668-fbf8-2bfeef927689}.Debug|Any CPU.Build.0 = Debug|Any CPU
		{00513574-5359-9847-9abc-5a959f9a7b98}.Debug|Any CPU.ActiveCfg = Debug|Any CPU
		{00513574-5359-9847-9abc-5a959f9a7b98}.Debug|Any CPU.Build.0 = Debug|Any CPU
		{db08a6a5-b81b-fa4c-2497-519316280dca}.Debug|Any CPU.ActiveCfg = Debug|Any CPU
		{db08a6a5-b81b-fa4c-2497-519316280dca}.Debug|Any CPU.Build.0 = Debug|Any CPU
		{05eeefe0-6b2f-3380-a629-7f6dd2d98c74}.Debug|Any CPU.ActiveCfg = Debug|Any CPU
		{05eeefe0-6b2f-3380-a629-7f6dd2d98c74}.Debug|Any CPU.Build.0 = Debug|Any CPU
		{2c738fb3-f6e7-c841-2646-05aa7e70e1bc}.Debug|Any CPU.ActiveCfg = Debug|Any CPU
		{2c738fb3-f6e7-c841-2646-05aa7e70e1bc}.Debug|Any CPU.Build.0 = Debug|Any CPU
		{a8e7a31b-8982-a586-1e96-7022083a79f3}.Debug|Any CPU.ActiveCfg = Debug|Any CPU
		{a8e7a31b-8982-a586-1e96-7022083a79f3}.Debug|Any CPU.Build.0 = Debug|Any CPU
		{15f9dca1-73f4-9bde-13a5-5669a5d9d655}.Debug|Any CPU.ActiveCfg = Debug|Any CPU
		{15f9dca1-73f4-9bde-13a5-5669a5d9d655}.Debug|Any CPU.Build.0 = Debug|Any CPU
	EndGlobalSection
	GlobalSection(SolutionProperties) = preSolution
		HideSolutionNode = FALSE
	EndGlobalSection
EndGlobal
